
Microsoft Visual Studio Solution File, Format Version 12.00
# Visual Studio Version 17
VisualStudioVersion = 17.6.33829.357
MinimumVisualStudioVersion = 10.0.40219.1
Project("{2150E333-8FDC-42A3-9474-1A3956D46DE8}") = "Frontends", "Frontends", "{A6B65FB2-462E-4BF9-BE91-664CEB7A6295}"
EndProject
Project("{2150E333-8FDC-42A3-9474-1A3956D46DE8}") = "Gateways", "Gateways", "{DBF822B5-E233-4568-B1B9-4C48CB217B6D}"
EndProject
Project("{2150E333-8FDC-42A3-9474-1A3956D46DE8}") = "IdentityServer", "IdentityServer", "{F5DCBB4D-67C3-4021-8A66-4573C7BEA1DA}"
EndProject
Project("{2150E333-8FDC-42A3-9474-1A3956D46DE8}") = "Shared", "Shared", "{CA39FAF8-ED43-4685-B11F-AFAE8BBF8B6B}"
EndProject
Project("{2150E333-8FDC-42A3-9474-1A3956D46DE8}") = "Services", "Services", "{83574672-BB92-4B8B-B588-603C8F35FFB5}"
EndProject
Project("{2150E333-8FDC-42A3-9474-1A3956D46DE8}") = "SolutionItems", "SolutionItems", "{23CE754F-7098-4053-83F9-1B5BDA11BE3D}"
	ProjectSection(SolutionItems) = preProject
		PortNumbers.txt = PortNumbers.txt
		ToDoList.txt = ToDoList.txt
	EndProjectSection
EndProject
Project("{2150E333-8FDC-42A3-9474-1A3956D46DE8}") = "Basket", "Basket", "{8BB23C37-5A48-4D2C-9B76-2784B856977F}"
EndProject
Project("{2150E333-8FDC-42A3-9474-1A3956D46DE8}") = "Catalog", "Catalog", "{87B85E7F-9F4F-45FF-B796-2E983DEFDC27}"
EndProject
Project("{2150E333-8FDC-42A3-9474-1A3956D46DE8}") = "Discount", "Discount", "{6F096D53-CB1C-41A8-9029-7BF1C859E0B5}"
EndProject
Project("{2150E333-8FDC-42A3-9474-1A3956D46DE8}") = "Payment", "Payment", "{396FC376-5B09-466B-92C4-C2E9DD5A1044}"
EndProject
Project("{2150E333-8FDC-42A3-9474-1A3956D46DE8}") = "Order", "Order", "{81E66CF0-2F2E-4228-B344-5483F23B95E2}"
EndProject
Project("{2150E333-8FDC-42A3-9474-1A3956D46DE8}") = "Cargo", "Cargo", "{FB9B268F-F104-4E65-ABDF-1DBD41FA843D}"
EndProject
Project("{2150E333-8FDC-42A3-9474-1A3956D46DE8}") = "PhotoStock", "PhotoStock", "{3EA9FA9A-438E-4474-8424-4995649D23FB}"
EndProject
Project("{9A19103F-16F7-4668-BE54-9A1E7A4F7556}") = "CasgemMicroservice.Services.Catalog", "Services\Catalog\CasgemMicroservice.Services.Catalog\CasgemMicroservice.Services.Catalog.csproj", "{65059C51-3072-46BC-89D0-4A80B832DDA2}"
EndProject
Project("{9A19103F-16F7-4668-BE54-9A1E7A4F7556}") = "CasgemMicroservice.Shared", "Shared\CasgemMicroservice.Shared\CasgemMicroservice.Shared.csproj", "{38EF0DFA-369A-4BF6-894F-CD3BDD0692AD}"
EndProject
Project("{9A19103F-16F7-4668-BE54-9A1E7A4F7556}") = "CasgemMicroservice.IdentityServer", "IdentityServer\CasgemMicroservice.IdentityServer\CasgemMicroservice.IdentityServer.csproj", "{67EFDB88-5FDB-49B7-8DA5-249E873A41A6}"
EndProject
Project("{9A19103F-16F7-4668-BE54-9A1E7A4F7556}") = "CasgemMicroservice.PhotoStock", "Services\PhotoStock\CasgemMicroservice.PhotoStock\CasgemMicroservice.PhotoStock.csproj", "{53162EAC-667A-4F32-830D-38D64A989F8C}"
EndProject
Project("{9A19103F-16F7-4668-BE54-9A1E7A4F7556}") = "CasgemMicroservice.Services.Basket", "Services\Basket\CasgemMicroservice.Services.Basket\CasgemMicroservice.Services.Basket.csproj", "{75C9D6F8-813A-43D3-A054-05D76C70C614}"
EndProject
Project("{9A19103F-16F7-4668-BE54-9A1E7A4F7556}") = "CasgemMicroservice.Services.Discount", "Services\Discount\CasgemMicroservice.Services.Discount\CasgemMicroservice.Services.Discount.csproj", "{F50B5B45-0FFA-41F2-BB89-D500FADBB493}"
EndProject
Project("{2150E333-8FDC-42A3-9474-1A3956D46DE8}") = "Core", "Core", "{F91397C7-97D6-43A2-B379-665DBEB677EB}"
EndProject
Project("{2150E333-8FDC-42A3-9474-1A3956D46DE8}") = "Infrastructure", "Infrastructure", "{5E7DCCEF-7922-415C-BDDE-E28B156712CE}"
EndProject
Project("{2150E333-8FDC-42A3-9474-1A3956D46DE8}") = "Presentation", "Presentation", "{E4C7926B-5D1B-48B4-A106-5499B7CE18BD}"
EndProject
Project("{9A19103F-16F7-4668-BE54-9A1E7A4F7556}") = "CasgemMicroservice.Services.Order.Core.Domain", "Services\Order\Core\CasgemMicroservice.Services.Order.Core.Domain\CasgemMicroservice.Services.Order.Core.Domain.csproj", "{D683BD6C-8DB6-479D-AF7E-054C3AC625EB}"
EndProject
Project("{9A19103F-16F7-4668-BE54-9A1E7A4F7556}") = "CasgemMicroservice.Services.Order.Core.Application", "Services\Order\Core\CasgemMicroservice.Services.Order.Core.Application\CasgemMicroservice.Services.Order.Core.Application.csproj", "{D7A68A8F-39E1-4500-8EFB-4EEBB9E66C80}"
EndProject
Project("{9A19103F-16F7-4668-BE54-9A1E7A4F7556}") = "CasgemMicroservice.Services.Order.Infrastructure.Persistance", "Services\Order\Infrastructure\CasgemMicroservice.Services.Order.Infrastructure.Persistance\CasgemMicroservice.Services.Order.Infrastructure.Persistance.csproj", "{64958040-2670-4BA8-B574-7D800CCF1195}"
EndProject
Project("{9A19103F-16F7-4668-BE54-9A1E7A4F7556}") = "CasgemMicroservice.Services.Order.Presentation.Api", "Services\Order\Presentation\CasgemMicroservice.Services.Order.Presentation.Api\CasgemMicroservice.Services.Order.Presentation.Api.csproj", "{083D1B35-EB18-4A9D-A633-926A4CE73143}"
EndProject
Project("{9A19103F-16F7-4668-BE54-9A1E7A4F7556}") = "CasgemMicroservice.Services.Cargo.BusinessLayer", "Services\Cargo\CasgemMİcroService.Cargo.BusinessLayer\CasgemMicroservice.Services.Cargo.BusinessLayer.csproj", "{581CD848-DAA5-490F-8329-47FCB417E981}"
EndProject
Project("{9A19103F-16F7-4668-BE54-9A1E7A4F7556}") = "CasgemMicroservice.Services.Cargo.DataAccessLayer", "Services\Cargo\CasgemMicroService.Services.Cargo.DataAccessLayer\CasgemMicroservice.Services.Cargo.DataAccessLayer.csproj", "{0D96C37B-FA96-4027-A076-E2358D597B22}"
EndProject
Project("{9A19103F-16F7-4668-BE54-9A1E7A4F7556}") = "CasgemMicroservice.Services.Cargo.EntityLayer", "Services\Cargo\CasgemMicroservice.Services.Cargo.EntityLayer\CasgemMicroservice.Services.Cargo.EntityLayer.csproj", "{1D95DA54-2C43-4967-ACF7-813BF5C8B876}"
EndProject
Project("{9A19103F-16F7-4668-BE54-9A1E7A4F7556}") = "CasgemMicroservice.Services.Cargo.WebApi", "Services\Cargo\CasgemMicroservice.Services.Cargo.WebApi\CasgemMicroservice.Services.Cargo.WebApi.csproj", "{7C066BC3-3E03-4B90-83A5-A544A6341BAB}"
EndProject
Project("{FAE04EC0-301F-11D3-BF4B-00C04F79EFBC}") = "CasgemMicroservice.Services.Payment.WebApi", "Services\Payment\CasgemMicroservice.Services.Payment.WebApi\CasgemMicroservice.Services.Payment.WebApi.csproj", "{70793807-7A10-4629-93CF-FE0C1A3D55E3}"
EndProject
Project("{FAE04EC0-301F-11D3-BF4B-00C04F79EFBC}") = "CasgemMicroservice.Gateway", "Gateways\CasgemMicroservice.Gateway\CasgemMicroservice.Gateway.csproj", "{7D2EAECE-6802-47CC-85A7-7C48295F0FFB}"
EndProject
Global
	GlobalSection(SolutionConfigurationPlatforms) = preSolution
		Debug|Any CPU = Debug|Any CPU
		Release|Any CPU = Release|Any CPU
	EndGlobalSection
	GlobalSection(ProjectConfigurationPlatforms) = postSolution
		{65059C51-3072-46BC-89D0-4A80B832DDA2}.Debug|Any CPU.ActiveCfg = Debug|Any CPU
		{65059C51-3072-46BC-89D0-4A80B832DDA2}.Debug|Any CPU.Build.0 = Debug|Any CPU
		{65059C51-3072-46BC-89D0-4A80B832DDA2}.Release|Any CPU.ActiveCfg = Release|Any CPU
		{65059C51-3072-46BC-89D0-4A80B832DDA2}.Release|Any CPU.Build.0 = Release|Any CPU
		{38EF0DFA-369A-4BF6-894F-CD3BDD0692AD}.Debug|Any CPU.ActiveCfg = Debug|Any CPU
		{38EF0DFA-369A-4BF6-894F-CD3BDD0692AD}.Debug|Any CPU.Build.0 = Debug|Any CPU
		{38EF0DFA-369A-4BF6-894F-CD3BDD0692AD}.Release|Any CPU.ActiveCfg = Release|Any CPU
		{38EF0DFA-369A-4BF6-894F-CD3BDD0692AD}.Release|Any CPU.Build.0 = Release|Any CPU
		{67EFDB88-5FDB-49B7-8DA5-249E873A41A6}.Debug|Any CPU.ActiveCfg = Debug|Any CPU
		{67EFDB88-5FDB-49B7-8DA5-249E873A41A6}.Debug|Any CPU.Build.0 = Debug|Any CPU
		{67EFDB88-5FDB-49B7-8DA5-249E873A41A6}.Release|Any CPU.ActiveCfg = Release|Any CPU
		{67EFDB88-5FDB-49B7-8DA5-249E873A41A6}.Release|Any CPU.Build.0 = Release|Any CPU
		{53162EAC-667A-4F32-830D-38D64A989F8C}.Debug|Any CPU.ActiveCfg = Debug|Any CPU
		{53162EAC-667A-4F32-830D-38D64A989F8C}.Debug|Any CPU.Build.0 = Debug|Any CPU
		{53162EAC-667A-4F32-830D-38D64A989F8C}.Release|Any CPU.ActiveCfg = Release|Any CPU
		{53162EAC-667A-4F32-830D-38D64A989F8C}.Release|Any CPU.Build.0 = Release|Any CPU
		{75C9D6F8-813A-43D3-A054-05D76C70C614}.Debug|Any CPU.ActiveCfg = Debug|Any CPU
		{75C9D6F8-813A-43D3-A054-05D76C70C614}.Debug|Any CPU.Build.0 = Debug|Any CPU
		{75C9D6F8-813A-43D3-A054-05D76C70C614}.Release|Any CPU.ActiveCfg = Release|Any CPU
		{75C9D6F8-813A-43D3-A054-05D76C70C614}.Release|Any CPU.Build.0 = Release|Any CPU
		{F50B5B45-0FFA-41F2-BB89-D500FADBB493}.Debug|Any CPU.ActiveCfg = Debug|Any CPU
		{F50B5B45-0FFA-41F2-BB89-D500FADBB493}.Debug|Any CPU.Build.0 = Debug|Any CPU
		{F50B5B45-0FFA-41F2-BB89-D500FADBB493}.Release|Any CPU.ActiveCfg = Release|Any CPU
		{F50B5B45-0FFA-41F2-BB89-D500FADBB493}.Release|Any CPU.Build.0 = Release|Any CPU
		{D683BD6C-8DB6-479D-AF7E-054C3AC625EB}.Debug|Any CPU.ActiveCfg = Debug|Any CPU
		{D683BD6C-8DB6-479D-AF7E-054C3AC625EB}.Debug|Any CPU.Build.0 = Debug|Any CPU
		{D683BD6C-8DB6-479D-AF7E-054C3AC625EB}.Release|Any CPU.ActiveCfg = Release|Any CPU
		{D683BD6C-8DB6-479D-AF7E-054C3AC625EB}.Release|Any CPU.Build.0 = Release|Any CPU
		{D7A68A8F-39E1-4500-8EFB-4EEBB9E66C80}.Debug|Any CPU.ActiveCfg = Debug|Any CPU
		{D7A68A8F-39E1-4500-8EFB-4EEBB9E66C80}.Debug|Any CPU.Build.0 = Debug|Any CPU
		{D7A68A8F-39E1-4500-8EFB-4EEBB9E66C80}.Release|Any CPU.ActiveCfg = Release|Any CPU
		{D7A68A8F-39E1-4500-8EFB-4EEBB9E66C80}.Release|Any CPU.Build.0 = Release|Any CPU
		{64958040-2670-4BA8-B574-7D800CCF1195}.Debug|Any CPU.ActiveCfg = Debug|Any CPU
		{64958040-2670-4BA8-B574-7D800CCF1195}.Debug|Any CPU.Build.0 = Debug|Any CPU
		{64958040-2670-4BA8-B574-7D800CCF1195}.Release|Any CPU.ActiveCfg = Release|Any CPU
		{64958040-2670-4BA8-B574-7D800CCF1195}.Release|Any CPU.Build.0 = Release|Any CPU
		{083D1B35-EB18-4A9D-A633-926A4CE73143}.Debug|Any CPU.ActiveCfg = Debug|Any CPU
		{083D1B35-EB18-4A9D-A633-926A4CE73143}.Debug|Any CPU.Build.0 = Debug|Any CPU
		{083D1B35-EB18-4A9D-A633-926A4CE73143}.Release|Any CPU.ActiveCfg = Release|Any CPU
		{083D1B35-EB18-4A9D-A633-926A4CE73143}.Release|Any CPU.Build.0 = Release|Any CPU
		{581CD848-DAA5-490F-8329-47FCB417E981}.Debug|Any CPU.ActiveCfg = Debug|Any CPU
		{581CD848-DAA5-490F-8329-47FCB417E981}.Debug|Any CPU.Build.0 = Debug|Any CPU
		{581CD848-DAA5-490F-8329-47FCB417E981}.Release|Any CPU.ActiveCfg = Release|Any CPU
		{581CD848-DAA5-490F-8329-47FCB417E981}.Release|Any CPU.Build.0 = Release|Any CPU
		{0D96C37B-FA96-4027-A076-E2358D597B22}.Debug|Any CPU.ActiveCfg = Debug|Any CPU
		{0D96C37B-FA96-4027-A076-E2358D597B22}.Debug|Any CPU.Build.0 = Debug|Any CPU
		{0D96C37B-FA96-4027-A076-E2358D597B22}.Release|Any CPU.ActiveCfg = Release|Any CPU
		{0D96C37B-FA96-4027-A076-E2358D597B22}.Release|Any CPU.Build.0 = Release|Any CPU
		{1D95DA54-2C43-4967-ACF7-813BF5C8B876}.Debug|Any CPU.ActiveCfg = Debug|Any CPU
		{1D95DA54-2C43-4967-ACF7-813BF5C8B876}.Debug|Any CPU.Build.0 = Debug|Any CPU
		{1D95DA54-2C43-4967-ACF7-813BF5C8B876}.Release|Any CPU.ActiveCfg = Release|Any CPU
		{1D95DA54-2C43-4967-ACF7-813BF5C8B876}.Release|Any CPU.Build.0 = Release|Any CPU
		{7C066BC3-3E03-4B90-83A5-A544A6341BAB}.Debug|Any CPU.ActiveCfg = Debug|Any CPU
		{7C066BC3-3E03-4B90-83A5-A544A6341BAB}.Debug|Any CPU.Build.0 = Debug|Any CPU
		{7C066BC3-3E03-4B90-83A5-A544A6341BAB}.Release|Any CPU.ActiveCfg = Release|Any CPU
		{7C066BC3-3E03-4B90-83A5-A544A6341BAB}.Release|Any CPU.Build.0 = Release|Any CPU
		{70793807-7A10-4629-93CF-FE0C1A3D55E3}.Debug|Any CPU.ActiveCfg = Debug|Any CPU
		{70793807-7A10-4629-93CF-FE0C1A3D55E3}.Debug|Any CPU.Build.0 = Debug|Any CPU
		{70793807-7A10-4629-93CF-FE0C1A3D55E3}.Release|Any CPU.ActiveCfg = Release|Any CPU
		{70793807-7A10-4629-93CF-FE0C1A3D55E3}.Release|Any CPU.Build.0 = Release|Any CPU
		{7D2EAECE-6802-47CC-85A7-7C48295F0FFB}.Debug|Any CPU.ActiveCfg = Debug|Any CPU
		{7D2EAECE-6802-47CC-85A7-7C48295F0FFB}.Debug|Any CPU.Build.0 = Debug|Any CPU
		{7D2EAECE-6802-47CC-85A7-7C48295F0FFB}.Release|Any CPU.ActiveCfg = Release|Any CPU
		{7D2EAECE-6802-47CC-85A7-7C48295F0FFB}.Release|Any CPU.Build.0 = Release|Any CPU
	EndGlobalSection
	GlobalSection(SolutionProperties) = preSolution
		HideSolutionNode = FALSE
	EndGlobalSection
	GlobalSection(NestedProjects) = preSolution
		{8BB23C37-5A48-4D2C-9B76-2784B856977F} = {83574672-BB92-4B8B-B588-603C8F35FFB5}
		{87B85E7F-9F4F-45FF-B796-2E983DEFDC27} = {83574672-BB92-4B8B-B588-603C8F35FFB5}
		{6F096D53-CB1C-41A8-9029-7BF1C859E0B5} = {83574672-BB92-4B8B-B588-603C8F35FFB5}
		{396FC376-5B09-466B-92C4-C2E9DD5A1044} = {83574672-BB92-4B8B-B588-603C8F35FFB5}
		{81E66CF0-2F2E-4228-B344-5483F23B95E2} = {83574672-BB92-4B8B-B588-603C8F35FFB5}
		{FB9B268F-F104-4E65-ABDF-1DBD41FA843D} = {83574672-BB92-4B8B-B588-603C8F35FFB5}
		{3EA9FA9A-438E-4474-8424-4995649D23FB} = {83574672-BB92-4B8B-B588-603C8F35FFB5}
		{65059C51-3072-46BC-89D0-4A80B832DDA2} = {87B85E7F-9F4F-45FF-B796-2E983DEFDC27}
		{38EF0DFA-369A-4BF6-894F-CD3BDD0692AD} = {CA39FAF8-ED43-4685-B11F-AFAE8BBF8B6B}
		{67EFDB88-5FDB-49B7-8DA5-249E873A41A6} = {F5DCBB4D-67C3-4021-8A66-4573C7BEA1DA}
		{53162EAC-667A-4F32-830D-38D64A989F8C} = {3EA9FA9A-438E-4474-8424-4995649D23FB}
		{75C9D6F8-813A-43D3-A054-05D76C70C614} = {8BB23C37-5A48-4D2C-9B76-2784B856977F}
		{F50B5B45-0FFA-41F2-BB89-D500FADBB493} = {6F096D53-CB1C-41A8-9029-7BF1C859E0B5}
		{F91397C7-97D6-43A2-B379-665DBEB677EB} = {81E66CF0-2F2E-4228-B344-5483F23B95E2}
		{5E7DCCEF-7922-415C-BDDE-E28B156712CE} = {81E66CF0-2F2E-4228-B344-5483F23B95E2}
		{E4C7926B-5D1B-48B4-A106-5499B7CE18BD} = {81E66CF0-2F2E-4228-B344-5483F23B95E2}
		{D683BD6C-8DB6-479D-AF7E-054C3AC625EB} = {F91397C7-97D6-43A2-B379-665DBEB677EB}
		{D7A68A8F-39E1-4500-8EFB-4EEBB9E66C80} = {F91397C7-97D6-43A2-B379-665DBEB677EB}
		{64958040-2670-4BA8-B574-7D800CCF1195} = {5E7DCCEF-7922-415C-BDDE-E28B156712CE}
		{083D1B35-EB18-4A9D-A633-926A4CE73143} = {E4C7926B-5D1B-48B4-A106-5499B7CE18BD}
		{581CD848-DAA5-490F-8329-47FCB417E981} = {FB9B268F-F104-4E65-ABDF-1DBD41FA843D}
		{0D96C37B-FA96-4027-A076-E2358D597B22} = {FB9B268F-F104-4E65-ABDF-1DBD41FA843D}
		{1D95DA54-2C43-4967-ACF7-813BF5C8B876} = {FB9B268F-F104-4E65-ABDF-1DBD41FA843D}
		{7C066BC3-3E03-4B90-83A5-A544A6341BAB} = {FB9B268F-F104-4E65-ABDF-1DBD41FA843D}
		{70793807-7A10-4629-93CF-FE0C1A3D55E3} = {396FC376-5B09-466B-92C4-C2E9DD5A1044}
		{7D2EAECE-6802-47CC-85A7-7C48295F0FFB} = {DBF822B5-E233-4568-B1B9-4C48CB217B6D}
	EndGlobalSection
	GlobalSection(ExtensibilityGlobals) = postSolution
		SolutionGuid = {F7EFD9EC-05B9-4566-AE7D-0E6545F9C9C6}
	EndGlobalSection
EndGlobal
